
Microsoft Visual Studio Solution File, Format Version 12.00
# Visual Studio Version 16
VisualStudioVersion = 16.0.30011.22
MinimumVisualStudioVersion = 10.0.40219.1
Project("{FAE04EC0-301F-11D3-BF4B-00C04F79EFBC}") = "KickDJ2", "KickDJ2\KickDJ2.csproj", "{E372C189-EC4F-4023-BF6D-AFBC6488790B}"
EndProject
Global
	GlobalSection(SolutionConfigurationPlatforms) = preSolution
		Debug|Any CPU = Debug|Any CPU
		Release|Any CPU = Release|Any CPU
	EndGlobalSection
	GlobalSection(ProjectConfigurationPlatforms) = postSolution
		{E372C189-EC4F-4023-BF6D-AFBC6488790B}.Debug|Any CPU.ActiveCfg = Debug|Any CPU
		{E372C189-EC4F-4023-BF6D-AFBC6488790B}.Debug|Any CPU.Build.0 = Debug|Any CPU
		{E372C189-EC4F-4023-BF6D-AFBC6488790B}.Release|Any CPU.ActiveCfg = Release|Any CPU
		{E372C189-EC4F-4023-BF6D-AFBC6488790B}.Release|Any CPU.Build.0 = Release|Any CPU
	EndGlobalSection
	GlobalSection(SolutionProperties) = preSolution
		HideSolutionNode = FALSE
	EndGlobalSection
	GlobalSection(ExtensibilityGlobals) = postSolution
		SolutionGuid = {CD5374B6-E50C-46A2-8762-1BADCAE65F19}
	EndGlobalSection
EndGlobal
